
Microsoft Visual Studio Solution File, Format Version 12.00
# Visual Studio Version 17
VisualStudioVersion = 17.3.32825.248
MinimumVisualStudioVersion = 10.0.40219.1
Project("{FAE04EC0-301F-11D3-BF4B-00C04F79EFBC}") = "Lab1.ex1", "Lab1.ex1\Lab1.ex1.csproj", "{DF83CF82-B4D2-4238-8ABB-45B0DFFF90F3}"
EndProject
Global
	GlobalSection(SolutionConfigurationPlatforms) = preSolution
		Debug|Any CPU = Debug|Any CPU
		Release|Any CPU = Release|Any CPU
	EndGlobalSection
	GlobalSection(ProjectConfigurationPlatforms) = postSolution
		{DF83CF82-B4D2-4238-8ABB-45B0DFFF90F3}.Debug|Any CPU.ActiveCfg = Debug|Any CPU
		{DF83CF82-B4D2-4238-8ABB-45B0DFFF90F3}.Debug|Any CPU.Build.0 = Debug|Any CPU
		{DF83CF82-B4D2-4238-8ABB-45B0DFFF90F3}.Release|Any CPU.ActiveCfg = Release|Any CPU
		{DF83CF82-B4D2-4238-8ABB-45B0DFFF90F3}.Release|Any CPU.Build.0 = Release|Any CPU
	EndGlobalSection
	GlobalSection(SolutionProperties) = preSolution
		HideSolutionNode = FALSE
	EndGlobalSection
	GlobalSection(ExtensibilityGlobals) = postSolution
		SolutionGuid = {47EFAD6A-8DB3-4BEA-8170-F5907810A09C}
	EndGlobalSection
EndGlobal
